
Microsoft Visual Studio Solution File, Format Version 12.00
# Visual Studio Version 16
VisualStudioVersion = 16.0.30413.136
MinimumVisualStudioVersion = 10.0.40219.1
Project("{9A19103F-16F7-4668-BE54-9A1E7A4F7556}") = "Blazor Barcodes", "Blazor Barcodes\Blazor Barcodes.csproj", "{B07747D4-689F-4F24-82DC-E64222F35FA2}"
EndProject
Project("{FAE04EC0-301F-11D3-BF4B-00C04F79EFBC}") = "Blazor.WASM.Server", "Blazor.WASM\Server\Blazor.WASM.Server.csproj", "{112F57A7-9EEE-445D-B6B4-8019DC274412}"
EndProject
Project("{FAE04EC0-301F-11D3-BF4B-00C04F79EFBC}") = "Blazor.WASM.Client", "Blazor.WASM\Client\Blazor.WASM.Client.csproj", "{01878561-300F-4879-9D30-12028B3CABB1}"
EndProject
Project("{FAE04EC0-301F-11D3-BF4B-00C04F79EFBC}") = "Blazor.WASM.Shared", "Blazor.WASM\Shared\Blazor.WASM.Shared.csproj", "{03676218-0BD0-4DC7-91F7-BD4DFC5FB962}"
EndProject
Global
	GlobalSection(SolutionConfigurationPlatforms) = preSolution
		Debug|Any CPU = Debug|Any CPU
		Release|Any CPU = Release|Any CPU
	EndGlobalSection
	GlobalSection(ProjectConfigurationPlatforms) = postSolution
		{B07747D4-689F-4F24-82DC-E64222F35FA2}.Debug|Any CPU.ActiveCfg = Debug|Any CPU
		{B07747D4-689F-4F24-82DC-E64222F35FA2}.Debug|Any CPU.Build.0 = Debug|Any CPU
		{B07747D4-689F-4F24-82DC-E64222F35FA2}.Release|Any CPU.ActiveCfg = Release|Any CPU
		{B07747D4-689F-4F24-82DC-E64222F35FA2}.Release|Any CPU.Build.0 = Release|Any CPU
		{112F57A7-9EEE-445D-B6B4-8019DC274412}.Debug|Any CPU.ActiveCfg = Debug|Any CPU
		{112F57A7-9EEE-445D-B6B4-8019DC274412}.Debug|Any CPU.Build.0 = Debug|Any CPU
		{112F57A7-9EEE-445D-B6B4-8019DC274412}.Release|Any CPU.ActiveCfg = Release|Any CPU
		{112F57A7-9EEE-445D-B6B4-8019DC274412}.Release|Any CPU.Build.0 = Release|Any CPU
		{01878561-300F-4879-9D30-12028B3CABB1}.Debug|Any CPU.ActiveCfg = Debug|Any CPU
		{01878561-300F-4879-9D30-12028B3CABB1}.Debug|Any CPU.Build.0 = Debug|Any CPU
		{01878561-300F-4879-9D30-12028B3CABB1}.Release|Any CPU.ActiveCfg = Release|Any CPU
		{01878561-300F-4879-9D30-12028B3CABB1}.Release|Any CPU.Build.0 = Release|Any CPU
		{03676218-0BD0-4DC7-91F7-BD4DFC5FB962}.Debug|Any CPU.ActiveCfg = Debug|Any CPU
		{03676218-0BD0-4DC7-91F7-BD4DFC5FB962}.Debug|Any CPU.Build.0 = Debug|Any CPU
		{03676218-0BD0-4DC7-91F7-BD4DFC5FB962}.Release|Any CPU.ActiveCfg = Release|Any CPU
		{03676218-0BD0-4DC7-91F7-BD4DFC5FB962}.Release|Any CPU.Build.0 = Release|Any CPU
	EndGlobalSection
	GlobalSection(SolutionProperties) = preSolution
		HideSolutionNode = FALSE
	EndGlobalSection
	GlobalSection(ExtensibilityGlobals) = postSolution
		SolutionGuid = {705ADBF0-CC95-4C60-88DB-1FA0928C0385}
	EndGlobalSection
EndGlobal
