
Microsoft Visual Studio Solution File, Format Version 12.00
# Visual Studio Version 16
VisualStudioVersion = 16.0.30413.136
MinimumVisualStudioVersion = 10.0.40219.1
Project("{FAE04EC0-301F-11D3-BF4B-00C04F79EFBC}") = "Blazor Barcodes", "Blazor Barcodes\Blazor Barcodes.csproj", "{B07747D4-689F-4F24-82DC-E64222F35FA2}"
EndProject
Global
	GlobalSection(SolutionConfigurationPlatforms) = preSolution
		Debug|Any CPU = Debug|Any CPU
		Release|Any CPU = Release|Any CPU
	EndGlobalSection
	GlobalSection(ProjectConfigurationPlatforms) = postSolution
		{B07747D4-689F-4F24-82DC-E64222F35FA2}.Debug|Any CPU.ActiveCfg = Debug|Any CPU
		{B07747D4-689F-4F24-82DC-E64222F35FA2}.Debug|Any CPU.Build.0 = Debug|Any CPU
		{B07747D4-689F-4F24-82DC-E64222F35FA2}.Release|Any CPU.ActiveCfg = Release|Any CPU
		{B07747D4-689F-4F24-82DC-E64222F35FA2}.Release|Any CPU.Build.0 = Release|Any CPU
	EndGlobalSection
	GlobalSection(SolutionProperties) = preSolution
		HideSolutionNode = FALSE
	EndGlobalSection
	GlobalSection(ExtensibilityGlobals) = postSolution
		SolutionGuid = {705ADBF0-CC95-4C60-88DB-1FA0928C0385}
	EndGlobalSection
EndGlobal
